Microsoft Visual Studio Solution File, Format Version 12.00
# Visual Studio Version 17
VisualStudioVersion = 17.5.2.0
MinimumVisualStudioVersion = 10.0.40219.1
Project("{FAE04EC0-301F-11D3-BF4B-00C04F79EFBC}") = "SolarWatch", "SolarWatch.csproj", "{76684A59-5847-EF5B-C1D8-684E80D4D450}"
EndProject
Global
	GlobalSection(SolutionConfigurationPlatforms) = preSolution
		Debug|Any CPU = Debug|Any CPU
		Release|Any CPU = Release|Any CPU
	EndGlobalSection
	GlobalSection(ProjectConfigurationPlatforms) = postSolution
		{76684A59-5847-EF5B-C1D8-684E80D4D450}.Debug|Any CPU.ActiveCfg = Debug|Any CPU
		{76684A59-5847-EF5B-C1D8-684E80D4D450}.Debug|Any CPU.Build.0 = Debug|Any CPU
		{76684A59-5847-EF5B-C1D8-684E80D4D450}.Release|Any CPU.ActiveCfg = Release|Any CPU
		{76684A59-5847-EF5B-C1D8-684E80D4D450}.Release|Any CPU.Build.0 = Release|Any CPU
	EndGlobalSection
	GlobalSection(SolutionProperties) = preSolution
		HideSolutionNode = FALSE
	EndGlobalSection
	GlobalSection(ExtensibilityGlobals) = postSolution
		SolutionGuid = {64BEAD8F-D85C-476B-A327-F2D4B8B8305B}
	EndGlobalSection
EndGlobal
