Microsoft Visual Studio Solution File, Format Version 12.00
# Visual Studio Version 17
VisualStudioVersion = 17.5.2.0
MinimumVisualStudioVersion = 10.0.40219.1
Project("{FAE04EC0-301F-11D3-BF4B-00C04F79EFBC}") = "SolarWatchTest", "SolarWatchTest.csproj", "{A25A1B0D-DAE8-EDFE-5964-627772F6C259}"
EndProject
Global
	GlobalSection(SolutionConfigurationPlatforms) = preSolution
		Debug|Any CPU = Debug|Any CPU
		Release|Any CPU = Release|Any CPU
	EndGlobalSection
	GlobalSection(ProjectConfigurationPlatforms) = postSolution
		{A25A1B0D-DAE8-EDFE-5964-627772F6C259}.Debug|Any CPU.ActiveCfg = Debug|Any CPU
		{A25A1B0D-DAE8-EDFE-5964-627772F6C259}.Debug|Any CPU.Build.0 = Debug|Any CPU
		{A25A1B0D-DAE8-EDFE-5964-627772F6C259}.Release|Any CPU.ActiveCfg = Release|Any CPU
		{A25A1B0D-DAE8-EDFE-5964-627772F6C259}.Release|Any CPU.Build.0 = Release|Any CPU
	EndGlobalSection
	GlobalSection(SolutionProperties) = preSolution
		HideSolutionNode = FALSE
	EndGlobalSection
	GlobalSection(ExtensibilityGlobals) = postSolution
		SolutionGuid = {B5ACC894-7FFE-4938-B42E-208824C382B5}
	EndGlobalSection
EndGlobal
